
Microsoft Visual Studio Solution File, Format Version 12.00
# Visual Studio 15
VisualStudioVersion = 15.0.27703.2042
MinimumVisualStudioVersion = 10.0.40219.1
Project("{FAE04EC0-301F-11D3-BF4B-00C04F79EFBC}") = "PrawkoAndroid.Android", "PrawkoAndroid\PrawkoAndroid.Android\PrawkoAndroid.Android.csproj", "{9B9C12D4-E21C-4888-82FB-A766CB31ACCE}"
EndProject
Project("{D954291E-2A0B-460D-934E-DC6B0785DB48}") = "PrawkoAndroid", "PrawkoAndroid\PrawkoAndroid\PrawkoAndroid.shproj", "{0B4EC22F-58AC-488D-B82F-E6809E308CB2}"
EndProject
Global
	GlobalSection(SharedMSBuildProjectFiles) = preSolution
		PrawkoAndroid\PrawkoAndroid\PrawkoAndroid.projitems*{0b4ec22f-58ac-488d-b82f-e6809e308cb2}*SharedItemsImports = 13
		PrawkoAndroid\PrawkoAndroid\PrawkoAndroid.projitems*{9b9c12d4-e21c-4888-82fb-a766cb31acce}*SharedItemsImports = 4
	EndGlobalSection
	GlobalSection(SolutionConfigurationPlatforms) = preSolution
		Debug|Any CPU = Debug|Any CPU
		Release|Any CPU = Release|Any CPU
	EndGlobalSection
	GlobalSection(ProjectConfigurationPlatforms) = postSolution
		{9B9C12D4-E21C-4888-82FB-A766CB31ACCE}.Debug|Any CPU.ActiveCfg = Debug|Any CPU
		{9B9C12D4-E21C-4888-82FB-A766CB31ACCE}.Debug|Any CPU.Build.0 = Debug|Any CPU
		{9B9C12D4-E21C-4888-82FB-A766CB31ACCE}.Debug|Any CPU.Deploy.0 = Debug|Any CPU
		{9B9C12D4-E21C-4888-82FB-A766CB31ACCE}.Release|Any CPU.ActiveCfg = Release|Any CPU
		{9B9C12D4-E21C-4888-82FB-A766CB31ACCE}.Release|Any CPU.Build.0 = Release|Any CPU
		{9B9C12D4-E21C-4888-82FB-A766CB31ACCE}.Release|Any CPU.Deploy.0 = Release|Any CPU
	EndGlobalSection
	GlobalSection(SolutionProperties) = preSolution
		HideSolutionNode = FALSE
	EndGlobalSection
	GlobalSection(ExtensibilityGlobals) = postSolution
		SolutionGuid = {4D3DA4A1-2FAA-42D3-9503-E457E10CBC09}
	EndGlobalSection
EndGlobal
